# Shell infrastructure versions. Edit on macOS, run shell-bootstrap.zsh, validate,
# then commit and let WSL converge after syncwin -d.
ZIMFW_VERSION=1.20.1
ZIMFW_SHA256=730f7a86f7aac9c87b137e85ecf0ebec19530ab6af065289bcd0d60cb13d8689
STARSHIP_VERSION=1.26.0
MISE_VERSION=2026.8.6

ZSH_COMPLETIONS_REV=9dc3bf5b3a00700d6af7b694e9831721dc0c714d
OHMYZSH_REV=97e11051e2f8053b1d694788d1cb4b0dbb1e2365
HISTORY_SEARCH_MULTI_WORD_REV=55d8e061d52f4aa26aac8915d920d3b4f5649429
ZSH_AUTOSUGGESTIONS_REV=85919cd1ffa7d2d5412f6d3fe437ebdbeeec4fc5
FAST_SYNTAX_HIGHLIGHTING_REV=3d574ccf48804b10dca52625df13da5edae7f553
